
Microsoft Visual Studio Solution File, Format Version 12.00
# Visual Studio Version 17
VisualStudioVersion = 17.4.33213.308
MinimumVisualStudioVersion = 10.0.40219.1
Project("{FAE04EC0-301F-11D3-BF4B-00C04F79EFBC}") = "FantasyOfSango", "FantasyOfSango\FantasyOfSango.csproj", "{4D79E640-0498-47C5-8921-A372561EA27A}"
EndProject
Project("{2150E333-8FDC-42A3-9474-1A3956D46DE8}") = "SangoCommon", "SangoCommon", "{06A96A4C-007A-4576-A630-70609682BA92}"
EndProject
Project("{FAE04EC0-301F-11D3-BF4B-00C04F79EFBC}") = "SangoCommon", "Common\SangoCommon.csproj", "{87C85A47-F0C0-42FB-8953-E8BEF004299C}"
EndProject
Global
	GlobalSection(SolutionConfigurationPlatforms) = preSolution
		Debug|Any CPU = Debug|Any CPU
		Release|Any CPU = Release|Any CPU
	EndGlobalSection
	GlobalSection(ProjectConfigurationPlatforms) = postSolution
		{4D79E640-0498-47C5-8921-A372561EA27A}.Debug|Any CPU.ActiveCfg = Debug|Any CPU
		{4D79E640-0498-47C5-8921-A372561EA27A}.Debug|Any CPU.Build.0 = Debug|Any CPU
		{4D79E640-0498-47C5-8921-A372561EA27A}.Release|Any CPU.ActiveCfg = Release|Any CPU
		{4D79E640-0498-47C5-8921-A372561EA27A}.Release|Any CPU.Build.0 = Release|Any CPU
		{87C85A47-F0C0-42FB-8953-E8BEF004299C}.Debug|Any CPU.ActiveCfg = Debug|Any CPU
		{87C85A47-F0C0-42FB-8953-E8BEF004299C}.Debug|Any CPU.Build.0 = Debug|Any CPU
		{87C85A47-F0C0-42FB-8953-E8BEF004299C}.Release|Any CPU.ActiveCfg = Release|Any CPU
		{87C85A47-F0C0-42FB-8953-E8BEF004299C}.Release|Any CPU.Build.0 = Release|Any CPU
	EndGlobalSection
	GlobalSection(SolutionProperties) = preSolution
		HideSolutionNode = FALSE
	EndGlobalSection
	GlobalSection(NestedProjects) = preSolution
		{87C85A47-F0C0-42FB-8953-E8BEF004299C} = {06A96A4C-007A-4576-A630-70609682BA92}
	EndGlobalSection
	GlobalSection(ExtensibilityGlobals) = postSolution
		SolutionGuid = {CBC404CA-1157-47C7-B330-50072047AA5F}
	EndGlobalSection
EndGlobal
